// !$*UTF8*$!
{
	archiveVersion = 1;
	classes = {
	};
	objectVersion = 55;
	objects = {

/* Begin PBXBuildFile section */
		676B56B32807F98500DE56DB /* Concentration.swift in Sources */ = {isa = PBXBuildFile; fileRef = 676B56B22807F98500DE56DB /* Concentration.swift */; };
		676B56B52807FAEE00DE56DB /* Card.swift in Sources */ = {isa = PBXBuildFile; fileRef = 676B56B42807FAEE00DE56DB /* Card.swift */; };
		6771368F2806F5FC00AFF9E9 /* AppDelegate.swift in Sources */ = {isa = PBXBuildFile; fileRef = 6771368E2806F5FC00AFF9E9 /* AppDelegate.swift */; };
		677136912806F5FC00AFF9E9 /* SceneDelegate.swift in Sources */ = {isa = PBXBuildFile; fileRef = 677136902806F5FC00AFF9E9 /* SceneDelegate.swift */; };
		677136932806F5FC00AFF9E9 /* ViewController.swift in Sources */ = {isa = PBXBuildFile; fileRef = 677136922806F5FC00AFF9E9 /* ViewController.swift */; };
		677136962806F5FC00AFF9E9 /* Main.storyboard in Resources */ = {isa = PBXBuildFile; fileRef = 677136942806F5FC00AFF9E9 /* Main.storyboard */; };
		677136982806F5FE00AFF9E9 /* Assets.xcassets in Resources */ = {isa = PBXBuildFile; fileRef = 677136972806F5FE00AFF9E9 /* Assets.xcassets */; };
		6771369B2806F5FE00AFF9E9 /* LaunchScreen.storyboard in Resources */ = {isa = PBXBuildFile; fileRef = 677136992806F5FE00AFF9E9 /* LaunchScreen.storyboard */; };
		677136A62806F5FF00AFF9E9 /* ConcentrationTests.swift in Sources */ = {isa = PBXBuildFile; fileRef = 677136A52806F5FF00AFF9E9 /* ConcentrationTests.swift */; };
		677136B02806F5FF00AFF9E9 /* ConcentrationUITests.swift in Sources */ = {isa = PBXBuildFile; fileRef = 677136AF2806F5FF00AFF9E9 /* ConcentrationUITests.swift */; };
		677136B22806F5FF00AFF9E9 /* ConcentrationUITestsLaunchTests.swift in Sources */ = {isa = PBXBuildFile; fileRef = 677136B12806F5FF00AFF9E9 /* ConcentrationUITestsLaunchTests.swift */; };
/* End PBXBuildFile section */

/* Begin PBXContainerItemProxy section */
		677136A22806F5FF00AFF9E9 /* PBXContainerItemProxy */ = {
			isa = PBXContainerItemProxy;
			containerPortal = 677136832806F5FC00AFF9E9 /* Project object */;
			proxyType = 1;
			remoteGlobalIDString = 6771368A2806F5FC00AFF9E9;
			remoteInfo = Concentration;
		};
		677136AC2806F5FF00AFF9E9 /* PBXContainerItemProxy */ = {
			isa = PBXContainerItemProxy;
			containerPortal = 677136832806F5FC00AFF9E9 /* Project object */;
			proxyType = 1;
			remoteGlobalIDString = 6771368A2806F5FC00AFF9E9;
			remoteInfo = Concentration;
		};
/* End PBXContainerItemProxy section */

/* Begin PBXFileReference section */
		676B56B22807F98500DE56DB /* Concentration.swift */ = {isa = PBXFileReference; lastKnownFileType = sourcecode.swift; path = Concentration.swift; sourceTree = SOURCE_ROOT; };
		676B56B42807FAEE00DE56DB /* Card.swift */ = {isa = PBXFileReference; lastKnownFileType = sourcecode.swift; path = Card.swift; sourceTree = "<group>"; };
		6771368B2806F5FC00AFF9E9 /* Concentration.app */ = {isa = PBXFileReference; explicitFileType = wrapper.application; includeInIndex = 0; path = Concentration.app; sourceTree = BUILT_PRODUCTS_DIR; };
		6771368E2806F5FC00AFF9E9 /* AppDelegate.swift */ = {isa = PBXFileReference; lastKnownFileType = sourcecode.swift; path = AppDelegate.swift; sourceTree = "<group>"; };
		677136902806F5FC00AFF9E9 /* SceneDelegate.swift */ = {isa = PBXFileReference; lastKnownFileType = sourcecode.swift; path = SceneDelegate.swift; sourceTree = "<group>"; };
		677136922806F5FC00AFF9E9 /* ViewController.swift */ = {isa = PBXFileReference; lastKnownFileType = sourcecode.swift; path = ViewController.swift; sourceTree = "<group>"; };
		677136952806F5FC00AFF9E9 /* Base */ = {isa = PBXFileReference; lastKnownFileType = file.storyboard; name = Base; path = Base.lproj/Main.storyboard; sourceTree = "<group>"; };
		677136972806F5FE00AFF9E9 /* Assets.xcassets */ = {isa = PBXFileReference; lastKnownFileType = folder.assetcatalog; path = Assets.xcassets; sourceTree = "<group>"; };
		6771369A2806F5FE00AFF9E9 /* Base */ = {isa = PBXFileReference; lastKnownFileType = file.storyboard; name = Base; path = Base.lproj/LaunchScreen.storyboard; sourceTree = "<group>"; };
		6771369C2806F5FE00AFF9E9 /* Info.plist */ = {isa = PBXFileReference; lastKnownFileType = text.plist.xml; path = Info.plist; sourceTree = "<group>"; };
		677136A12806F5FF00AFF9E9 /* ConcentrationTests.xctest */ = {isa = PBXFileReference; explicitFileType = wrapper.cfbundle; includeInIndex = 0; path = ConcentrationTests.xctest; sourceTree = BUILT_PRODUCTS_DIR; };
		677136A52806F5FF00AFF9E9 /* ConcentrationTests.swift */ = {isa = PBXFileReference; lastKnownFileType = sourcecode.swift; path = ConcentrationTests.swift; sourceTree = "<group>"; };
		677136AB2806F5FF00AFF9E9 /* ConcentrationUITests.xctest */ = {isa = PBXFileReference; explicitFileType = wrapper.cfbundle; includeInIndex = 0; path = ConcentrationUITests.xctest; sourceTree = BUILT_PRODUCTS_DIR; };
		677136AF2806F5FF00AFF9E9 /* ConcentrationUITests.swift */ = {isa = PBXFileReference; lastKnownFileType = sourcecode.swift; path = ConcentrationUITests.swift; sourceTree = "<group>"; };
		677136B12806F5FF00AFF9E9 /* ConcentrationUITestsLaunchTests.swift */ = {isa = PBXFileReference; lastKnownFileType = sourcecode.swift; path = ConcentrationUITestsLaunchTests.swift; sourceTree = "<group>"; };
/* End PBXFileReference section */

/* Begin PBXFrameworksBuildPhase section */
		677136882806F5FC00AFF9E9 /* Frameworks */ = {
			isa = PBXFrameworksBuildPhase;
			buildActionMask = 2147483647;
			files = (
			);
			runOnlyForDeploymentPostprocessing = 0;
		};
		6771369E2806F5FF00AFF9E9 /* Frameworks */ = {
			isa = PBXFrameworksBuildPhase;
			buildActionMask = 2147483647;
			files = (
			);
			runOnlyForDeploymentPostprocessing = 0;
		};
		677136A82806F5FF00AFF9E9 /* Frameworks */ = {
			isa = PBXFrameworksBuildPhase;
			buildActionMask = 2147483647;
			files = (
			);
			runOnlyForDeploymentPostprocessing = 0;
		};
/* End PBXFrameworksBuildPhase section */

/* Begin PBXGroup section */
		677136822806F5FC00AFF9E9 = {
			isa = PBXGroup;
			children = (
				6771368D2806F5FC00AFF9E9 /* Concentration */,
				677136A42806F5FF00AFF9E9 /* ConcentrationTests */,
				677136AE2806F5FF00AFF9E9 /* ConcentrationUITests */,
				6771368C2806F5FC00AFF9E9 /* Products */,
			);
			sourceTree = "<group>";
		};
		6771368C2806F5FC00AFF9E9 /* Products */ = {
			isa = PBXGroup;
			children = (
				6771368B2806F5FC00AFF9E9 /* Concentration.app */,
				677136A12806F5FF00AFF9E9 /* ConcentrationTests.xctest */,
				677136AB2806F5FF00AFF9E9 /* ConcentrationUITests.xctest */,
			);
			name = Products;
			sourceTree = "<group>";
		};
		6771368D2806F5FC00AFF9E9 /* Concentration */ = {
			isa = PBXGroup;
			children = (
				676B56B22807F98500DE56DB /* Concentration.swift */,
				676B56B42807FAEE00DE56DB /* Card.swift */,
				677136902806F5FC00AFF9E9 /* SceneDelegate.swift */,
				677136922806F5FC00AFF9E9 /* ViewController.swift */,
				677136942806F5FC00AFF9E9 /* Main.storyboard */,
				677136BE2806F61D00AFF9E9 /* New Group */,
				6771369C2806F5FE00AFF9E9 /* Info.plist */,
			);
			path = Concentration;
			sourceTree = "<group>";
		};
		677136A42806F5FF00AFF9E9 /* ConcentrationTests */ = {
			isa = PBXGroup;
			children = (
				677136A52806F5FF00AFF9E9 /* ConcentrationTests.swift */,
			);
			path = ConcentrationTests;
			sourceTree = "<group>";
		};
		677136AE2806F5FF00AFF9E9 /* ConcentrationUITests */ = {
			isa = PBXGroup;
			children = (
				677136AF2806F5FF00AFF9E9 /* ConcentrationUITests.swift */,
				677136B12806F5FF00AFF9E9 /* ConcentrationUITestsLaunchTests.swift */,
			);
			path = ConcentrationUITests;
			sourceTree = "<group>";
		};
		677136BE2806F61D00AFF9E9 /* New Group */ = {
			isa = PBXGroup;
			children = (
				6771368E2806F5FC00AFF9E9 /* AppDelegate.swift */,
				677136972806F5FE00AFF9E9 /* Assets.xcassets */,
				677136992806F5FE00AFF9E9 /* LaunchScreen.storyboard */,
			);
			path = "New Group";
			sourceTree = "<group>";
		};
/* End PBXGroup section */

/* Begin PBXNativeTarget section */
		6771368A2806F5FC00AFF9E9 /* Concentration */ = {
			isa = PBXNativeTarget;
			buildConfigurationList = 677136B52806F5FF00AFF9E9 /* Build configuration list for PBXNativeTarget "Concentration" */;
			buildPhases = (
				677136872806F5FC00AFF9E9 /* Sources */,
				677136882806F5FC00AFF9E9 /* Frameworks */,
				677136892806F5FC00AFF9E9 /* Resources */,
			);
			buildRules = (
			);
			dependencies = (
			);
			name = Concentration;
			productName = Concentration;
			productReference = 6771368B2806F5FC00AFF9E9 /* Concentration.app */;
			productType = "com.apple.product-type.application";
		};
		677136A02806F5FF00AFF9E9 /* ConcentrationTests */ = {
			isa = PBXNativeTarget;
			buildConfigurationList = 677136B82806F5FF00AFF9E9 /* Build configuration list for PBXNativeTarget "ConcentrationTests" */;
			buildPhases = (
				6771369D2806F5FF00AFF9E9 /* Sources */,
				6771369E2806F5FF00AFF9E9 /* Frameworks */,
				6771369F2806F5FF00AFF9E9 /* Resources */,
			);
			buildRules = (
			);
			dependencies = (
				677136A32806F5FF00AFF9E9 /* PBXTargetDependency */,
			);
			name = ConcentrationTests;
			productName = ConcentrationTests;
			productReference = 677136A12806F5FF00AFF9E9 /* ConcentrationTests.xctest */;
			productType = "com.apple.product-type.bundle.unit-test";
		};
		677136AA2806F5FF00AFF9E9 /* ConcentrationUITests */ = {
			isa = PBXNativeTarget;
			buildConfigurationList = 677136BB2806F5FF00AFF9E9 /* Build configuration list for PBXNativeTarget "ConcentrationUITests" */;
			buildPhases = (
				677136A72806F5FF00AFF9E9 /* Sources */,
				677136A82806F5FF00AFF9E9 /* Frameworks */,
				677136A92806F5FF00AFF9E9 /* Resources */,
			);
			buildRules = (
			);
			dependencies = (
				677136AD2806F5FF00AFF9E9 /* PBXTargetDependency */,
			);
			name = ConcentrationUITests;
			productName = ConcentrationUITests;
			productReference = 677136AB2806F5FF00AFF9E9 /* ConcentrationUITests.xctest */;
			productType = "com.apple.product-type.bundle.ui-testing";
		};
/* End PBXNativeTarget section */

/* Begin PBXProject section */
		677136832806F5FC00AFF9E9 /* Project object */ = {
			isa = PBXProject;
			attributes = {
				BuildIndependentTargetsInParallel = 1;
				LastSwiftUpdateCheck = 1330;
				LastUpgradeCheck = 1330;
				TargetAttributes = {
					6771368A2806F5FC00AFF9E9 = {
						CreatedOnToolsVersion = 13.3;
					};
					677136A02806F5FF00AFF9E9 = {
						CreatedOnToolsVersion = 13.3;
						TestTargetID = 6771368A2806F5FC00AFF9E9;
					};
					677136AA2806F5FF00AFF9E9 = {
						CreatedOnToolsVersion = 13.3;
						TestTargetID = 6771368A2806F5FC00AFF9E9;
					};
				};
			};
			buildConfigurationList = 677136862806F5FC00AFF9E9 /* Build configuration list for PBXProject "Concentration" */;
			compatibilityVersion = "Xcode 13.0";
			developmentRegion = en;
			hasScannedForEncodings = 0;
			knownRegions = (
				en,
				Base,
			);
			mainGroup = 677136822806F5FC00AFF9E9;
			productRefGroup = 6771368C2806F5FC00AFF9E9 /* Products */;
			projectDirPath = "";
			projectRoot = "";
			targets = (
				6771368A2806F5FC00AFF9E9 /* Concentration */,
				677136A02806F5FF00AFF9E9 /* ConcentrationTests */,
				677136AA2806F5FF00AFF9E9 /* ConcentrationUITests */,
			);
		};
/* End PBXProject section */

/* Begin PBXResourcesBuildPhase section */
		677136892806F5FC00AFF9E9 /* Resources */ = {
			isa = PBXResourcesBuildPhase;
			buildActionMask = 2147483647;
			files = (
				6771369B2806F5FE00AFF9E9 /* LaunchScreen.storyboard in Resources */,
				677136982806F5FE00AFF9E9 /* Assets.xcassets in Resources */,
				677136962806F5FC00AFF9E9 /* Main.storyboard in Resources */,
			);
			runOnlyForDeploymentPostprocessing = 0;
		};
		6771369F2806F5FF00AFF9E9 /* Resources */ = {
			isa = PBXResourcesBuildPhase;
			buildActionMask = 2147483647;
			files = (
			);
			runOnlyForDeploymentPostprocessing = 0;
		};
		677136A92806F5FF00AFF9E9 /* Resources */ = {
			isa = PBXResourcesBuildPhase;
			buildActionMask = 2147483647;
			files = (
			);
			runOnlyForDeploymentPostprocessing = 0;
		};
/* End PBXResourcesBuildPhase section */

/* Begin PBXSourcesBuildPhase section */
		677136872806F5FC00AFF9E9 /* Sources */ = {
			isa = PBXSourcesBuildPhase;
			buildActionMask = 2147483647;
			files = (
				677136932806F5FC00AFF9E9 /* ViewController.swift in Sources */,
				676B56B32807F98500DE56DB /* Concentration.swift in Sources */,
				676B56B52807FAEE00DE56DB /* Card.swift in Sources */,
				6771368F2806F5FC00AFF9E9 /* AppDelegate.swift in Sources */,
				677136912806F5FC00AFF9E9 /* SceneDelegate.swift in Sources */,
			);
			runOnlyForDeploymentPostprocessing = 0;
		};
		6771369D2806F5FF00AFF9E9 /* Sources */ = {
			isa = PBXSourcesBuildPhase;
			buildActionMask = 2147483647;
			files = (
				677136A62806F5FF00AFF9E9 /* ConcentrationTests.swift in Sources */,
			);
			runOnlyForDeploymentPostprocessing = 0;
		};
		677136A72806F5FF00AFF9E9 /* Sources */ = {
			isa = PBXSourcesBuildPhase;
			buildActionMask = 2147483647;
			files = (
				677136B22806F5FF00AFF9E9 /* ConcentrationUITestsLaunchTests.swift in Sources */,
				677136B02806F5FF00AFF9E9 /* ConcentrationUITests.swift in Sources */,
			);
			runOnlyForDeploymentPostprocessing = 0;
		};
/* End PBXSourcesBuildPhase section */

/* Begin PBXTargetDependency section */
		677136A32806F5FF00AFF9E9 /* PBXTargetDependency */ = {
			isa = PBXTargetDependency;
			target = 6771368A2806F5FC00AFF9E9 /* Concentration */;
			targetProxy = 677136A22806F5FF00AFF9E9 /* PBXContainerItemProxy */;
		};
		677136AD2806F5FF00AFF9E9 /* PBXTargetDependency */ = {
			isa = PBXTargetDependency;
			target = 6771368A2806F5FC00AFF9E9 /* Concentration */;
			targetProxy = 677136AC2806F5FF00AFF9E9 /* PBXContainerItemProxy */;
		};
/* End PBXTargetDependency section */

/* Begin PBXVariantGroup section */
		677136942806F5FC00AFF9E9 /* Main.storyboard */ = {
			isa = PBXVariantGroup;
			children = (
				677136952806F5FC00AFF9E9 /* Base */,
			);
			name = Main.storyboard;
			sourceTree = "<group>";
		};
		677136992806F5FE00AFF9E9 /* LaunchScreen.storyboard */ = {
			isa = PBXVariantGroup;
			children = (
				6771369A2806F5FE00AFF9E9 /* Base */,
			);
			name = LaunchScreen.storyboard;
			sourceTree = "<group>";
		};
/* End PBXVariantGroup section */

/* Begin XCBuildConfiguration section */
		677136B32806F5FF00AFF9E9 /* Debug */ = {
			isa = XCBuildConfiguration;
			buildSettings = {
				ALWAYS_SEARCH_USER_PATHS = NO;
				CLANG_ANALYZER_NONNULL = YES;
				CLANG_ANALYZER_NUMBER_OBJECT_CONVERSION = YES_AGGRESSIVE;
				CLANG_CXX_LANGUAGE_STANDARD = "gnu++17";
				CLANG_ENABLE_MODULES = YES;
				CLANG_ENABLE_OBJC_ARC = YES;
				CLANG_ENABLE_OBJC_WEAK = YES;
				CLANG_WARN_BLOCK_CAPTURE_AUTORELEASING = YES;
				CLANG_WARN_BOOL_CONVERSION = YES;
				CLANG_WARN_COMMA = YES;
				CLANG_WARN_CONSTANT_CONVERSION = YES;
				CLANG_WARN_DEPRECATED_OBJC_IMPLEMENTATIONS = YES;
				CLANG_WARN_DIRECT_OBJC_ISA_USAGE = YES_ERROR;
				CLANG_WARN_DOCUMENTATION_COMMENTS = YES;
				CLANG_WARN_EMPTY_BODY = YES;
				CLANG_WARN_ENUM_CONVERSION = YES;
				CLANG_WARN_INFINITE_RECURSION = YES;
				CLANG_WARN_INT_CONVERSION = YES;
				CLANG_WARN_NON_LITERAL_NULL_CONVERSION = YES;
				CLANG_WARN_OBJC_IMPLICIT_RETAIN_SELF = YES;
				CLANG_WARN_OBJC_LITERAL_CONVERSION = YES;
				CLANG_WARN_OBJC_ROOT_CLASS = YES_ERROR;
				CLANG_WARN_QUOTED_INCLUDE_IN_FRAMEWORK_HEADER = YES;
				CLANG_WARN_RANGE_LOOP_ANALYSIS = YES;
				CLANG_WARN_STRICT_PROTOTYPES = YES;
				CLANG_WARN_SUSPICIOUS_MOVE = YES;
				CLANG_WARN_UNGUARDED_AVAILABILITY = YES_AGGRESSIVE;
				CLANG_WARN_UNREACHABLE_CODE = YES;
				CLANG_WARN__DUPLICATE_METHOD_MATCH = YES;
				COPY_PHASE_STRIP = NO;
				DEBUG_INFORMATION_FORMAT = dwarf;
				ENABLE_STRICT_OBJC_MSGSEND = YES;
				ENABLE_TESTABILITY = YES;
				GCC_C_LANGUAGE_STANDARD = gnu11;
				GCC_DYNAMIC_NO_PIC = NO;
				GCC_NO_COMMON_BLOCKS = YES;
				GCC_OPTIMIZATION_LEVEL = 0;
				GCC_PREPROCESSOR_DEFINITIONS = (
					"DEBUG=1",
					"$(inherited)",
				);
				GCC_WARN_64_TO_32_BIT_CONVERSION = YES;
				GCC_WARN_ABOUT_RETURN_TYPE = YES_ERROR;
				GCC_WARN_UNDECLARED_SELECTOR = YES;
				GCC_WARN_UNINITIALIZED_AUTOS = YES_AGGRESSIVE;
				GCC_WARN_UNUSED_FUNCTION = YES;
				GCC_WARN_UNUSED_VARIABLE = YES;
				IPHONEOS_DEPLOYMENT_TARGET = 15.4;
				MTL_ENABLE_DEBUG_INFO = INCLUDE_SOURCE;
				MTL_FAST_MATH = YES;
				ONLY_ACTIVE_ARCH = YES;
				SDKROOT = iphoneos;
				SWIFT_ACTIVE_COMPILATION_CONDITIONS = DEBUG;
				SWIFT_OPTIMIZATION_LEVEL = "-Onone";
			};
			name = Debug;
		};
		677136B42806F5FF00AFF9E9 /* Release */ = {
			isa = XCBuildConfiguration;
			buildSettings = {
				ALWAYS_SEARCH_USER_PATHS = NO;
				CLANG_ANALYZER_NONNULL = YES;
				CLANG_ANALYZER_NUMBER_OBJECT_CONVERSION = YES_AGGRESSIVE;
				CLANG_CXX_LANGUAGE_STANDARD = "gnu++17";
				CLANG_ENABLE_MODULES = YES;
				CLANG_ENABLE_OBJC_ARC = YES;
				CLANG_ENABLE_OBJC_WEAK = YES;
				CLANG_WARN_BLOCK_CAPTURE_AUTORELEASING = YES;
				CLANG_WARN_BOOL_CONVERSION = YES;
				CLANG_WARN_COMMA = YES;
				CLANG_WARN_CONSTANT_CONVERSION = YES;
				CLANG_WARN_DEPRECATED_OBJC_IMPLEMENTATIONS = YES;
				CLANG_WARN_DIRECT_OBJC_ISA_USAGE = YES_ERROR;
				CLANG_WARN_DOCUMENTATION_COMMENTS = YES;
				CLANG_WARN_EMPTY_BODY = YES;
				CLANG_WARN_ENUM_CONVERSION = YES;
				CLANG_WARN_INFINITE_RECURSION = YES;
				CLANG_WARN_INT_CONVERSION = YES;
				CLANG_WARN_NON_LITERAL_NULL_CONVERSION = YES;
				CLANG_WARN_OBJC_IMPLICIT_RETAIN_SELF = YES;
				CLANG_WARN_OBJC_LITERAL_CONVERSION = YES;
				CLANG_WARN_OBJC_ROOT_CLASS = YES_ERROR;
				CLANG_WARN_QUOTED_INCLUDE_IN_FRAMEWORK_HEADER = YES;
				CLANG_WARN_RANGE_LOOP_ANALYSIS = YES;
				CLANG_WARN_STRICT_PROTOTYPES = YES;
				CLANG_WARN_SUSPICIOUS_MOVE = YES;
				CLANG_WARN_UNGUARDED_AVAILABILITY = YES_AGGRESSIVE;
				CLANG_WARN_UNREACHABLE_CODE = YES;
				CLANG_WARN__DUPLICATE_METHOD_MATCH = YES;
				COPY_PHASE_STRIP = NO;
				DEBUG_INFORMATION_FORMAT = "dwarf-with-dsym";
				ENABLE_NS_ASSERTIONS = NO;
				ENABLE_STRICT_OBJC_MSGSEND = YES;
				GCC_C_LANGUAGE_STANDARD = gnu11;
				GCC_NO_COMMON_BLOCKS = YES;
				GCC_WARN_64_TO_32_BIT_CONVERSION = YES;
				GCC_WARN_ABOUT_RETURN_TYPE = YES_ERROR;
				GCC_WARN_UNDECLARED_SELECTOR = YES;
				GCC_WARN_UNINITIALIZED_AUTOS = YES_AGGRESSIVE;
				GCC_WARN_UNUSED_FUNCTION = YES;
				GCC_WARN_UNUSED_VARIABLE = YES;
				IPHONEOS_DEPLOYMENT_TARGET = 15.4;
				MTL_ENABLE_DEBUG_INFO = NO;
				MTL_FAST_MATH = YES;
				SDKROOT = iphoneos;
				SWIFT_COMPILATION_MODE = wholemodule;
				SWIFT_OPTIMIZATION_LEVEL = "-O";
				VALIDATE_PRODUCT = YES;
			};
			name = Release;
		};
		677136B62806F5FF00AFF9E9 /* Debug */ = {
			isa = XCBuildConfiguration;
			buildSettings = {
				ASSETCATALOG_COMPILER_APPICON_NAME = AppIcon;
				ASSETCATALOG_COMPILER_GLOBAL_ACCENT_COLOR_NAME = AccentColor;
				CODE_SIGN_STYLE = Automatic;
				CURRENT_PROJECT_VERSION = 1;
				DEVELOPMENT_TEAM = 9KJK4KLN3F;
				GENERATE_INFOPLIST_FILE = YES;
				INFOPLIST_FILE = Concentration/Info.plist;
				INFOPLIST_KEY_UIApplicationSupportsIndirectInputEvents = YES;
				INFOPLIST_KEY_UILaunchStoryboardName = LaunchScreen;
				INFOPLIST_KEY_UIMainStoryboardFile = Main;
				INFOPLIST_KEY_UISupportedInterfaceOrientations_iPad = "UIInterfaceOrientationPortrait UIInterfaceOrientationPortraitUpsideDown UIInterfaceOrientationLandscapeLeft UIInterfaceOrientationLandscapeRight";
				INFOPLIST_KEY_UISupportedInterfaceOrientations_iPhone = "UIInterfaceOrientationPortrait UIInterfaceOrientationLandscapeLeft UIInterfaceOrientationLandscapeRight";
				LD_RUNPATH_SEARCH_PATHS = (
					"$(inherited)",
					"@executable_path/Frameworks",
				);
				MARKETING_VERSION = 1.0;
				PRODUCT_BUNDLE_IDENTIFIER = "Healthy-Practice.Concentration";
				PRODUCT_NAME = "$(TARGET_NAME)";
				SWIFT_EMIT_LOC_STRINGS = YES;
				SWIFT_VERSION = 5.0;
				TARGETED_DEVICE_FAMILY = "1,2";
			};
			name = Debug;
		};
		677136B72806F5FF00AFF9E9 /* Release */ = {
			isa = XCBuildConfiguration;
			buildSettings = {
				ASSETCATALOG_COMPILER_APPICON_NAME = AppIcon;
				ASSETCATALOG_COMPILER_GLOBAL_ACCENT_COLOR_NAME = AccentColor;
				CODE_SIGN_STYLE = Automatic;
				CURRENT_PROJECT_VERSION = 1;
				DEVELOPMENT_TEAM = 9KJK4KLN3F;
				GENERATE_INFOPLIST_FILE = YES;
				INFOPLIST_FILE = Concentration/Info.plist;
				INFOPLIST_KEY_UIApplicationSupportsIndirectInputEvents = YES;
				INFOPLIST_KEY_UILaunchStoryboardName = LaunchScreen;
				INFOPLIST_KEY_UIMainStoryboardFile = Main;
				INFOPLIST_KEY_UISupportedInterfaceOrientations_iPad = "UIInterfaceOrientationPortrait UIInterfaceOrientationPortraitUpsideDown UIInterfaceOrientationLandscapeLeft UIInterfaceOrientationLandscapeRight";
				INFOPLIST_KEY_UISupportedInterfaceOrientations_iPhone = "UIInterfaceOrientationPortrait UIInterfaceOrientationLandscapeLeft UIInterfaceOrientationLandscapeRight";
				LD_RUNPATH_SEARCH_PATHS = (
					"$(inherited)",
					"@executable_path/Frameworks",
				);
				MARKETING_VERSION = 1.0;
				PRODUCT_BUNDLE_IDENTIFIER = "Healthy-Practice.Concentration";
				PRODUCT_NAME = "$(TARGET_NAME)";
				SWIFT_EMIT_LOC_STRINGS = YES;
				SWIFT_VERSION = 5.0;
				TARGETED_DEVICE_FAMILY = "1,2";
			};
			name = Release;
		};
		677136B92806F5FF00AFF9E9 /* Debug */ = {
			isa = XCBuildConfiguration;
			buildSettings = {
				ALWAYS_EMBED_SWIFT_STANDARD_LIBRARIES = YES;
				BUNDLE_LOADER = "$(TEST_HOST)";
				CODE_SIGN_STYLE = Automatic;
				CURRENT_PROJECT_VERSION = 1;
				DEVELOPMENT_TEAM = 9KJK4KLN3F;
				GENERATE_INFOPLIST_FILE = YES;
				IPHONEOS_DEPLOYMENT_TARGET = 15.4;
				MARKETING_VERSION = 1.0;
				PRODUCT_BUNDLE_IDENTIFIER = "Healthy-Practice.ConcentrationTests";
				PRODUCT_NAME = "$(TARGET_NAME)";
				SWIFT_EMIT_LOC_STRINGS = NO;
				SWIFT_VERSION = 5.0;
				TARGETED_DEVICE_FAMILY = "1,2";
				TEST_HOST = "$(BUILT_PRODUCTS_DIR)/Concentration.app/Concentration";
			};
			name = Debug;
		};
		677136BA2806F5FF00AFF9E9 /* Release */ = {
			isa = XCBuildConfiguration;
			buildSettings = {
				ALWAYS_EMBED_SWIFT_STANDARD_LIBRARIES = YES;
				BUNDLE_LOADER = "$(TEST_HOST)";
				CODE_SIGN_STYLE = Automatic;
				CURRENT_PROJECT_VERSION = 1;
				DEVELOPMENT_TEAM = 9KJK4KLN3F;
				GENERATE_INFOPLIST_FILE = YES;
				IPHONEOS_DEPLOYMENT_TARGET = 15.4;
				MARKETING_VERSION = 1.0;
				PRODUCT_BUNDLE_IDENTIFIER = "Healthy-Practice.ConcentrationTests";
				PRODUCT_NAME = "$(TARGET_NAME)";
				SWIFT_EMIT_LOC_STRINGS = NO;
				SWIFT_VERSION = 5.0;
				TARGETED_DEVICE_FAMILY = "1,2";
				TEST_HOST = "$(BUILT_PRODUCTS_DIR)/Concentration.app/Concentration";
			};
			name = Release;
		};
		677136BC2806F5FF00AFF9E9 /* Debug */ = {
			isa = XCBuildConfiguration;
			buildSettings = {
				ALWAYS_EMBED_SWIFT_STANDARD_LIBRARIES = YES;
				CODE_SIGN_STYLE = Automatic;
				CURRENT_PROJECT_VERSION = 1;
				DEVELOPMENT_TEAM = 9KJK4KLN3F;
				GENERATE_INFOPLIST_FILE = YES;
				MARKETING_VERSION = 1.0;
				PRODUCT_BUNDLE_IDENTIFIER = "Healthy-Practice.ConcentrationUITests";
				PRODUCT_NAME = "$(TARGET_NAME)";
				SWIFT_EMIT_LOC_STRINGS = NO;
				SWIFT_VERSION = 5.0;
				TARGETED_DEVICE_FAMILY = "1,2";
				TEST_TARGET_NAME = Concentration;
			};
			name = Debug;
		};
		677136BD2806F5FF00AFF9E9 /* Release */ = {
			isa = XCBuildConfiguration;
			buildSettings = {
				ALWAYS_EMBED_SWIFT_STANDARD_LIBRARIES = YES;
				CODE_SIGN_STYLE = Automatic;
				CURRENT_PROJECT_VERSION = 1;
				DEVELOPMENT_TEAM = 9KJK4KLN3F;
				GENERATE_INFOPLIST_FILE = YES;
				MARKETING_VERSION = 1.0;
				PRODUCT_BUNDLE_IDENTIFIER = "Healthy-Practice.ConcentrationUITests";
				PRODUCT_NAME = "$(TARGET_NAME)";
				SWIFT_EMIT_LOC_STRINGS = NO;
				SWIFT_VERSION = 5.0;
				TARGETED_DEVICE_FAMILY = "1,2";
				TEST_TARGET_NAME = Concentration;
			};
			name = Release;
		};
/* End XCBuildConfiguration section */

/* Begin XCConfigurationList section */
		677136862806F5FC00AFF9E9 /* Build configuration list for PBXProject "Concentration" */ = {
			isa = XCConfigurationList;
			buildConfigurations = (
				677136B32806F5FF00AFF9E9 /* Debug */,
				677136B42806F5FF00AFF9E9 /* Release */,
			);
			defaultConfigurationIsVisible = 0;
			defaultConfigurationName = Release;
		};
		677136B52806F5FF00AFF9E9 /* Build configuration list for PBXNativeTarget "Concentration" */ = {
			isa = XCConfigurationList;
			buildConfigurations = (
				677136B62806F5FF00AFF9E9 /* Debug */,
				677136B72806F5FF00AFF9E9 /* Release */,
			);
			defaultConfigurationIsVisible = 0;
			defaultConfigurationName = Release;
		};
		677136B82806F5FF00AFF9E9 /* Build configuration list for PBXNativeTarget "ConcentrationTests" */ = {
			isa = XCConfigurationList;
			buildConfigurations = (
				677136B92806F5FF00AFF9E9 /* Debug */,
				677136BA2806F5FF00AFF9E9 /* Release */,
			);
			defaultConfigurationIsVisible = 0;
			defaultConfigurationName = Release;
		};
		677136BB2806F5FF00AFF9E9 /* Build configuration list for PBXNativeTarget "ConcentrationUITests" */ = {
			isa = XCConfigurationList;
			buildConfigurations = (
				677136BC2806F5FF00AFF9E9 /* Debug */,
				677136BD2806F5FF00AFF9E9 /* Release */,
			);
			defaultConfigurationIsVisible = 0;
			defaultConfigurationName = Release;
		};
/* End XCConfigurationList section */
	};
	rootObject = 677136832806F5FC00AFF9E9 /* Project object */;
}
